
Microsoft Visual Studio Solution File, Format Version 12.00
# Visual Studio Version 17
VisualStudioVersion = 17.5.002.0
MinimumVisualStudioVersion = 10.0.40219.1
Project("{2150E333-8FDC-42A3-9474-1A3956D46DE8}") = "Lesson2", "Lesson2", "{EED5A1E9-2D69-4574-954B-1D25C5EB9FD7}"
EndProject
Project("{FAE04EC0-301F-11D3-BF4B-00C04F79EFBC}") = "Task1", "Lesson2\Task1\Task1.csproj", "{553EB981-089F-4A7C-9E1F-F8212EDED7DD}"
EndProject
Project("{2150E333-8FDC-42A3-9474-1A3956D46DE8}") = "Lesson1", "Lesson1", "{E6591FE9-8DB0-42D0-9E22-F11E79392B66}"
EndProject
Project("{FAE04EC0-301F-11D3-BF4B-00C04F79EFBC}") = "Task1", "Lesson1\Task1\Task1.csproj", "{E292D38D-ACFF-484C-8C00-A5253404205F}"
EndProject
Project("{FAE04EC0-301F-11D3-BF4B-00C04F79EFBC}") = "Task2", "Lesson1\Task2\Task2.csproj", "{A4497B2D-0B28-4240-9AE3-F7E2204154D4}"
EndProject
Project("{FAE04EC0-301F-11D3-BF4B-00C04F79EFBC}") = "Task3", "Lesson1\Task3\Task3.csproj", "{53D04601-E264-4018-A1C3-9F03DD12ADA4}"
EndProject
Project("{FAE04EC0-301F-11D3-BF4B-00C04F79EFBC}") = "Lesson3", "Lesson3\Lesson3.csproj", "{9CFEB9AE-0464-4758-8D68-5792151C4143}"
EndProject
Project("{2150E333-8FDC-42A3-9474-1A3956D46DE8}") = "Lesson4", "Lesson4", "{DFD80606-A8B2-437A-8000-73BAAB420C61}"
EndProject
Project("{FAE04EC0-301F-11D3-BF4B-00C04F79EFBC}") = "Task1", "Lesson4\Task1\Task1.csproj", "{66D495D2-E6DF-4C6B-8E05-9422BABAC052}"
EndProject
Global
	GlobalSection(SolutionConfigurationPlatforms) = preSolution
		Debug|Any CPU = Debug|Any CPU
		Release|Any CPU = Release|Any CPU
	EndGlobalSection
	GlobalSection(ProjectConfigurationPlatforms) = postSolution
		{553EB981-089F-4A7C-9E1F-F8212EDED7DD}.Debug|Any CPU.ActiveCfg = Debug|Any CPU
		{553EB981-089F-4A7C-9E1F-F8212EDED7DD}.Debug|Any CPU.Build.0 = Debug|Any CPU
		{553EB981-089F-4A7C-9E1F-F8212EDED7DD}.Release|Any CPU.ActiveCfg = Release|Any CPU
		{553EB981-089F-4A7C-9E1F-F8212EDED7DD}.Release|Any CPU.Build.0 = Release|Any CPU
		{E292D38D-ACFF-484C-8C00-A5253404205F}.Debug|Any CPU.ActiveCfg = Debug|Any CPU
		{E292D38D-ACFF-484C-8C00-A5253404205F}.Debug|Any CPU.Build.0 = Debug|Any CPU
		{E292D38D-ACFF-484C-8C00-A5253404205F}.Release|Any CPU.ActiveCfg = Release|Any CPU
		{E292D38D-ACFF-484C-8C00-A5253404205F}.Release|Any CPU.Build.0 = Release|Any CPU
		{A4497B2D-0B28-4240-9AE3-F7E2204154D4}.Debug|Any CPU.ActiveCfg = Debug|Any CPU
		{A4497B2D-0B28-4240-9AE3-F7E2204154D4}.Debug|Any CPU.Build.0 = Debug|Any CPU
		{A4497B2D-0B28-4240-9AE3-F7E2204154D4}.Release|Any CPU.ActiveCfg = Release|Any CPU
		{A4497B2D-0B28-4240-9AE3-F7E2204154D4}.Release|Any CPU.Build.0 = Release|Any CPU
		{53D04601-E264-4018-A1C3-9F03DD12ADA4}.Debug|Any CPU.ActiveCfg = Debug|Any CPU
		{53D04601-E264-4018-A1C3-9F03DD12ADA4}.Debug|Any CPU.Build.0 = Debug|Any CPU
		{53D04601-E264-4018-A1C3-9F03DD12ADA4}.Release|Any CPU.ActiveCfg = Release|Any CPU
		{53D04601-E264-4018-A1C3-9F03DD12ADA4}.Release|Any CPU.Build.0 = Release|Any CPU
		{9CFEB9AE-0464-4758-8D68-5792151C4143}.Debug|Any CPU.ActiveCfg = Debug|Any CPU
		{9CFEB9AE-0464-4758-8D68-5792151C4143}.Debug|Any CPU.Build.0 = Debug|Any CPU
		{9CFEB9AE-0464-4758-8D68-5792151C4143}.Release|Any CPU.ActiveCfg = Release|Any CPU
		{9CFEB9AE-0464-4758-8D68-5792151C4143}.Release|Any CPU.Build.0 = Release|Any CPU
		{66D495D2-E6DF-4C6B-8E05-9422BABAC052}.Debug|Any CPU.ActiveCfg = Debug|Any CPU
		{66D495D2-E6DF-4C6B-8E05-9422BABAC052}.Debug|Any CPU.Build.0 = Debug|Any CPU
		{66D495D2-E6DF-4C6B-8E05-9422BABAC052}.Release|Any CPU.ActiveCfg = Release|Any CPU
		{66D495D2-E6DF-4C6B-8E05-9422BABAC052}.Release|Any CPU.Build.0 = Release|Any CPU
	EndGlobalSection
	GlobalSection(SolutionProperties) = preSolution
		HideSolutionNode = FALSE
	EndGlobalSection
	GlobalSection(ExtensibilityGlobals) = postSolution
		SolutionGuid = {3A6609EE-07E4-43B7-9A4D-86462E1BCD60}
	EndGlobalSection
	GlobalSection(NestedProjects) = preSolution
		{553EB981-089F-4A7C-9E1F-F8212EDED7DD} = {EED5A1E9-2D69-4574-954B-1D25C5EB9FD7}
		{E292D38D-ACFF-484C-8C00-A5253404205F} = {E6591FE9-8DB0-42D0-9E22-F11E79392B66}
		{A4497B2D-0B28-4240-9AE3-F7E2204154D4} = {E6591FE9-8DB0-42D0-9E22-F11E79392B66}
		{53D04601-E264-4018-A1C3-9F03DD12ADA4} = {E6591FE9-8DB0-42D0-9E22-F11E79392B66}
		{66D495D2-E6DF-4C6B-8E05-9422BABAC052} = {DFD80606-A8B2-437A-8000-73BAAB420C61}
	EndGlobalSection
EndGlobal
