
Microsoft Visual Studio Solution File, Format Version 12.00
# Visual Studio Version 17
VisualStudioVersion = 17.5.002.0
MinimumVisualStudioVersion = 10.0.40219.1
Project("{9A19103F-16F7-4668-BE54-9A1E7A4F7556}") = "Task1", "Task1\Task1.csproj", "{7DF4799C-992D-46A0-87AF-ABED4607DCC3}"
EndProject
Project("{9A19103F-16F7-4668-BE54-9A1E7A4F7556}") = "Task2", "Task2\Task2.csproj", "{510B1669-6BC3-48B2-A5E4-4D833BC1812C}"
EndProject
Project("{9A19103F-16F7-4668-BE54-9A1E7A4F7556}") = "Task3", "Task3\Task3.csproj", "{AA6D162B-681E-4692-BDB9-B4BF28592FA8}"
EndProject
Global
	GlobalSection(SolutionConfigurationPlatforms) = preSolution
		Debug|Any CPU = Debug|Any CPU
		Release|Any CPU = Release|Any CPU
	EndGlobalSection
	GlobalSection(ProjectConfigurationPlatforms) = postSolution
		{7DF4799C-992D-46A0-87AF-ABED4607DCC3}.Debug|Any CPU.ActiveCfg = Debug|Any CPU
		{7DF4799C-992D-46A0-87AF-ABED4607DCC3}.Debug|Any CPU.Build.0 = Debug|Any CPU
		{7DF4799C-992D-46A0-87AF-ABED4607DCC3}.Release|Any CPU.ActiveCfg = Release|Any CPU
		{7DF4799C-992D-46A0-87AF-ABED4607DCC3}.Release|Any CPU.Build.0 = Release|Any CPU
		{510B1669-6BC3-48B2-A5E4-4D833BC1812C}.Debug|Any CPU.ActiveCfg = Debug|Any CPU
		{510B1669-6BC3-48B2-A5E4-4D833BC1812C}.Debug|Any CPU.Build.0 = Debug|Any CPU
		{510B1669-6BC3-48B2-A5E4-4D833BC1812C}.Release|Any CPU.ActiveCfg = Release|Any CPU
		{510B1669-6BC3-48B2-A5E4-4D833BC1812C}.Release|Any CPU.Build.0 = Release|Any CPU
		{AA6D162B-681E-4692-BDB9-B4BF28592FA8}.Debug|Any CPU.ActiveCfg = Debug|Any CPU
		{AA6D162B-681E-4692-BDB9-B4BF28592FA8}.Debug|Any CPU.Build.0 = Debug|Any CPU
		{AA6D162B-681E-4692-BDB9-B4BF28592FA8}.Release|Any CPU.ActiveCfg = Release|Any CPU
		{AA6D162B-681E-4692-BDB9-B4BF28592FA8}.Release|Any CPU.Build.0 = Release|Any CPU
	EndGlobalSection
	GlobalSection(SolutionProperties) = preSolution
		HideSolutionNode = FALSE
	EndGlobalSection
	GlobalSection(ExtensibilityGlobals) = postSolution
		SolutionGuid = {87974A65-E7B1-45BE-8C15-C533F38E89D1}
	EndGlobalSection
EndGlobal
